# AUTO-MANAGED monotonic file-size ceiling (P0-1).
# The gate may only LOWER a value; raising a ceiling is rejected ("split, don't bump").
# Every production source file at or above 60% of the 850-line absolute cap is recorded.
- path: crates/core/src/store/append.rs
  max_nonblank: 674
- path: crates/core/src/store/cold_start/checkpoint/tests.rs
  max_nonblank: 771
- path: crates/core/src/store/cold_start/rebuild.rs
  max_nonblank: 583
- path: crates/core/src/store/delivery/cursor/worker.rs
  max_nonblank: 555
- path: crates/core/src/store/error.rs
  max_nonblank: 692
- path: crates/core/src/store/index/columnar.rs
  max_nonblank: 546
- path: crates/core/src/store/index/columnar/tests.rs
  max_nonblank: 784
- path: crates/core/src/store/index/idemp.rs
  max_nonblank: 797
- path: crates/core/src/store/index/mod.rs
  max_nonblank: 647
- path: crates/core/src/store/lifecycle.rs
  max_nonblank: 666
- path: crates/core/src/store/projection/flow/mod.rs
  max_nonblank: 793
- path: crates/core/src/store/projection/flow/tests.rs
  max_nonblank: 788
- path: crates/core/src/store/reactor_typed.rs
  max_nonblank: 807
- path: crates/core/src/store/segment/mod.rs
  max_nonblank: 843
- path: crates/core/src/store/segment/scan/tests.rs
  max_nonblank: 520
- path: crates/core/src/store/segment/sidx.rs
  max_nonblank: 570
- path: crates/core/src/store/write/writer.rs
  max_nonblank: 620
- path: crates/core/src/store/write/writer/batch.rs
  max_nonblank: 546
- path: crates/core/src/store/write_api.rs
  max_nonblank: 838
- path: crates/hbat/src/bank.rs
  max_nonblank: 544
- path: crates/hbat/src/evidence.rs
  max_nonblank: 600
- path: crates/hbat/src/handlers.rs
  max_nonblank: 579
- path: crates/hbat/src/manifest.rs
  max_nonblank: 554
- path: crates/macros/src/lib.rs
  max_nonblank: 685
